
Microsoft Visual Studio Solution File, Format Version 12.00
# Visual Studio Version 17
VisualStudioVersion = 17.2.32526.322
MinimumVisualStudioVersion = 10.0.40219.1
Project("{9A19103F-16F7-4668-BE54-9A1E7A4F7556}") = "WebApplication3", "WebApplication3\WebApplication3.csproj", "{7C79D799-AEB5-43AF-A26D-5DF3075C1BA8}"
EndProject
Project("{9A19103F-16F7-4668-BE54-9A1E7A4F7556}") = "TestWA3", "TestWA3\TestWA3.csproj", "{47CF6923-99D1-4738-BA86-F179943049D4}"
EndProject
Project("{FAE04EC0-301F-11D3-BF4B-00C04F79EFBC}") = "ReadAsyncLines", "ReadAsyncLines\ReadAsyncLines.csproj", "{F88BE9F2-95A3-4308-AFFF-C2EE72A42F4F}"
EndProject
Global
	GlobalSection(SolutionConfigurationPlatforms) = preSolution
		Debug|Any CPU = Debug|Any CPU
		Release|Any CPU = Release|Any CPU
	EndGlobalSection
	GlobalSection(ProjectConfigurationPlatforms) = postSolution
		{7C79D799-AEB5-43AF-A26D-5DF3075C1BA8}.Debug|Any CPU.ActiveCfg = Debug|Any CPU
		{7C79D799-AEB5-43AF-A26D-5DF3075C1BA8}.Debug|Any CPU.Build.0 = Debug|Any CPU
		{7C79D799-AEB5-43AF-A26D-5DF3075C1BA8}.Release|Any CPU.ActiveCfg = Release|Any CPU
		{7C79D799-AEB5-43AF-A26D-5DF3075C1BA8}.Release|Any CPU.Build.0 = Release|Any CPU
		{47CF6923-99D1-4738-BA86-F179943049D4}.Debug|Any CPU.ActiveCfg = Debug|Any CPU
		{47CF6923-99D1-4738-BA86-F179943049D4}.Debug|Any CPU.Build.0 = Debug|Any CPU
		{47CF6923-99D1-4738-BA86-F179943049D4}.Release|Any CPU.ActiveCfg = Release|Any CPU
		{47CF6923-99D1-4738-BA86-F179943049D4}.Release|Any CPU.Build.0 = Release|Any CPU
		{F88BE9F2-95A3-4308-AFFF-C2EE72A42F4F}.Debug|Any CPU.ActiveCfg = Debug|Any CPU
		{F88BE9F2-95A3-4308-AFFF-C2EE72A42F4F}.Debug|Any CPU.Build.0 = Debug|Any CPU
		{F88BE9F2-95A3-4308-AFFF-C2EE72A42F4F}.Release|Any CPU.ActiveCfg = Release|Any CPU
		{F88BE9F2-95A3-4308-AFFF-C2EE72A42F4F}.Release|Any CPU.Build.0 = Release|Any CPU
	EndGlobalSection
	GlobalSection(SolutionProperties) = preSolution
		HideSolutionNode = FALSE
	EndGlobalSection
	GlobalSection(ExtensibilityGlobals) = postSolution
		SolutionGuid = {EE586856-13C7-4BE7-941E-A75F85883615}
	EndGlobalSection
EndGlobal
